
Microsoft Visual Studio Solution File, Format Version 12.00
# Visual Studio 14
VisualStudioVersion = 14.0.25420.1
MinimumVisualStudioVersion = 10.0.40219.1
Project("{FAE04EC0-301F-11D3-BF4B-00C04F79EFBC}") = "Lense Simulator", "Lense Simulator\Lense Simulator.csproj", "{3832DEE4-C7D6-47E4-A0B2-F6599E51DE9D}"
EndProject
Global
	GlobalSection(SolutionConfigurationPlatforms) = preSolution
		Debug|Any CPU = Debug|Any CPU
		Release|Any CPU = Release|Any CPU
	EndGlobalSection
	GlobalSection(ProjectConfigurationPlatforms) = postSolution
		{3832DEE4-C7D6-47E4-A0B2-F6599E51DE9D}.Debug|Any CPU.ActiveCfg = Debug|Any CPU
		{3832DEE4-C7D6-47E4-A0B2-F6599E51DE9D}.Debug|Any CPU.Build.0 = Debug|Any CPU
		{3832DEE4-C7D6-47E4-A0B2-F6599E51DE9D}.Release|Any CPU.ActiveCfg = Release|Any CPU
		{3832DEE4-C7D6-47E4-A0B2-F6599E51DE9D}.Release|Any CPU.Build.0 = Release|Any CPU
	EndGlobalSection
	GlobalSection(SolutionProperties) = preSolution
		HideSolutionNode = FALSE
	EndGlobalSection
	GlobalSection(ExtensibilityGlobals) = postSolution
		VisualSVNWorkingCopyRoot = .
	EndGlobalSection
EndGlobal
